
Microsoft Visual Studio Solution File, Format Version 11.00
# Visual Studio 2010
Project("{FAE04EC0-301F-11D3-BF4B-00C04F79EFBC}") = "UnityEngine.TestRunner", "UnityEngine.TestRunner.csproj", "{bbfe28c5-8d28-e032-8863-a374f03569fd}"
EndProject
Project("{FAE04EC0-301F-11D3-BF4B-00C04F79EFBC}") = "Unity.Timeline", "Unity.Timeline.csproj", "{61cb3120-a5e7-1984-c841-47fd77ec67c5}"
EndProject
Project("{FAE04EC0-301F-11D3-BF4B-00C04F79EFBC}") = "UnityEngine.UI", "UnityEngine.UI.csproj", "{bfe95e84-5d2d-6820-c4b1-30686af1fee6}"
EndProject
Project("{FAE04EC0-301F-11D3-BF4B-00C04F79EFBC}") = "Unity.TextMeshPro", "Unity.TextMeshPro.csproj", "{b9087dcc-0a28-558d-fb9b-b860d34cc830}"
EndProject
Project("{FAE04EC0-301F-11D3-BF4B-00C04F79EFBC}") = "UnityEditor.TestRunner", "UnityEditor.TestRunner.csproj", "{b3fe7047-f373-10d3-4dca-1f2d0a7d2c3a}"
EndProject
Project("{FAE04EC0-301F-11D3-BF4B-00C04F79EFBC}") = "Unity.PlasticSCM.Editor", "Unity.PlasticSCM.Editor.csproj", "{040f4b8a-6649-54b9-d64d-6fa0826e8901}"
EndProject
Project("{FAE04EC0-301F-11D3-BF4B-00C04F79EFBC}") = "UnityEditor.UI", "UnityEditor.UI.csproj", "{0e19e11e-c724-0408-308c-9d336ec3d0d3}"
EndProject
Project("{FAE04EC0-301F-11D3-BF4B-00C04F79EFBC}") = "Unity.Services.Core.Editor", "Unity.Services.Core.Editor.csproj", "{d82bda7b-6a61-a1f7-e0f5-836013735456}"
EndProject
Project("{FAE04EC0-301F-11D3-BF4B-00C04F79EFBC}") = "Unity.Timeline.Editor", "Unity.Timeline.Editor.csproj", "{80e4a2a5-63f4-80fe-10f4-fc692ee9c2e2}"
EndProject
Project("{FAE04EC0-301F-11D3-BF4B-00C04F79EFBC}") = "Unity.VisualStudio.Editor", "Unity.VisualStudio.Editor.csproj", "{ddcdb058-30fb-f14c-f8fd-d4a4a540ab07}"
EndProject
Project("{FAE04EC0-301F-11D3-BF4B-00C04F79EFBC}") = "Unity.TextMeshPro.Editor", "Unity.TextMeshPro.Editor.csproj", "{ee15dd4d-875f-b6bb-2f7b-cd078445f782}"
EndProject
Project("{FAE04EC0-301F-11D3-BF4B-00C04F79EFBC}") = "Unity.CollabProxy.Editor", "Unity.CollabProxy.Editor.csproj", "{f7574882-1500-d45f-aac2-c55e907c7f24}"
EndProject
Project("{FAE04EC0-301F-11D3-BF4B-00C04F79EFBC}") = "Unity.Rider.Editor", "Unity.Rider.Editor.csproj", "{b2bab1d1-63aa-9dc1-0e89-99d240cdb0b3}"
EndProject
Project("{FAE04EC0-301F-11D3-BF4B-00C04F79EFBC}") = "Unity.VSCode.Editor", "Unity.VSCode.Editor.csproj", "{2876ccfc-d89f-fee2-6ceb-7807c7673d35}"
EndProject
Global
	GlobalSection(SolutionConfigurationPlatforms) = preSolution
		Debug|Any CPU = Debug|Any CPU
	EndGlobalSection
	GlobalSection(ProjectConfigurationPlatforms) = postSolution
		{bbfe28c5-8d28-e032-8863-a374f03569fd}.Debug|Any CPU.ActiveCfg = Debug|Any CPU
		{bbfe28c5-8d28-e032-8863-a374f03569fd}.Debug|Any CPU.Build.0 = Debug|Any CPU
		{61cb3120-a5e7-1984-c841-47fd77ec67c5}.Debug|Any CPU.ActiveCfg = Debug|Any CPU
		{61cb3120-a5e7-1984-c841-47fd77ec67c5}.Debug|Any CPU.Build.0 = Debug|Any CPU
		{bfe95e84-5d2d-6820-c4b1-30686af1fee6}.Debug|Any CPU.ActiveCfg = Debug|Any CPU
		{bfe95e84-5d2d-6820-c4b1-30686af1fee6}.Debug|Any CPU.Build.0 = Debug|Any CPU
		{b9087dcc-0a28-558d-fb9b-b860d34cc830}.Debug|Any CPU.ActiveCfg = Debug|Any CPU
		{b9087dcc-0a28-558d-fb9b-b860d34cc830}.Debug|Any CPU.Build.0 = Debug|Any CPU
		{b3fe7047-f373-10d3-4dca-1f2d0a7d2c3a}.Debug|Any CPU.ActiveCfg = Debug|Any CPU
		{b3fe7047-f373-10d3-4dca-1f2d0a7d2c3a}.Debug|Any CPU.Build.0 = Debug|Any CPU
		{040f4b8a-6649-54b9-d64d-6fa0826e8901}.Debug|Any CPU.ActiveCfg = Debug|Any CPU
		{040f4b8a-6649-54b9-d64d-6fa0826e8901}.Debug|Any CPU.Build.0 = Debug|Any CPU
		{0e19e11e-c724-0408-308c-9d336ec3d0d3}.Debug|Any CPU.ActiveCfg = Debug|Any CPU
		{0e19e11e-c724-0408-308c-9d336ec3d0d3}.Debug|Any CPU.Build.0 = Debug|Any CPU
		{d82bda7b-6a61-a1f7-e0f5-836013735456}.Debug|Any CPU.ActiveCfg = Debug|Any CPU
		{d82bda7b-6a61-a1f7-e0f5-836013735456}.Debug|Any CPU.Build.0 = Debug|Any CPU
		{80e4a2a5-63f4-80fe-10f4-fc692ee9c2e2}.Debug|Any CPU.ActiveCfg = Debug|Any CPU
		{80e4a2a5-63f4-80fe-10f4-fc692ee9c2e2}.Debug|Any CPU.Build.0 = Debug|Any CPU
		{ddcdb058-30fb-f14c-f8fd-d4a4a540ab07}.Debug|Any CPU.ActiveCfg = Debug|Any CPU
		{ddcdb058-30fb-f14c-f8fd-d4a4a540ab07}.Debug|Any CPU.Build.0 = Debug|Any CPU
		{ee15dd4d-875f-b6bb-2f7b-cd078445f782}.Debug|Any CPU.ActiveCfg = Debug|Any CPU
		{ee15dd4d-875f-b6bb-2f7b-cd078445f782}.Debug|Any CPU.Build.0 = Debug|Any CPU
		{f7574882-1500-d45f-aac2-c55e907c7f24}.Debug|Any CPU.ActiveCfg = Debug|Any CPU
		{f7574882-1500-d45f-aac2-c55e907c7f24}.Debug|Any CPU.Build.0 = Debug|Any CPU
		{b2bab1d1-63aa-9dc1-0e89-99d240cdb0b3}.Debug|Any CPU.ActiveCfg = Debug|Any CPU
		{b2bab1d1-63aa-9dc1-0e89-99d240cdb0b3}.Debug|Any CPU.Build.0 = Debug|Any CPU
		{2876ccfc-d89f-fee2-6ceb-7807c7673d35}.Debug|Any CPU.ActiveCfg = Debug|Any CPU
		{2876ccfc-d89f-fee2-6ceb-7807c7673d35}.Debug|Any CPU.Build.0 = Debug|Any CPU
	EndGlobalSection
	GlobalSection(SolutionProperties) = preSolution
		HideSolutionNode = FALSE
	EndGlobalSection
EndGlobal
